skills:
  nuxt-hints-skilld:
    packageName: "@nuxt/hints"
    version: 1.1.2
    repo: nuxt/hints
    source: "ungh://nuxt/hints"
    syncedAt: 2026-07-16
    generator: skilld
  simple-git-skilld:
    packageName: simple-git
    version: 3.36.0
    repo: steveukx/git-js
    source: "https://raw.githubusercontent.com/steveukx/git-js/simple-git@3.36.0/simple-git/readme.md"
    syncedAt: 2026-07-16
    generator: skilld
  taze-skilld:
    packageName: taze
    version: 19.14.1
    repo: antfu-collective/taze
    source: "ungh://antfu-collective/taze"
    syncedAt: 2026-07-16
    generator: skilld
  discord-api-types-skilld:
    packageName: discord-api-types
    version: 0.38.48
    repo: discordjs/discord-api-types
    source: "https://github.com/discordjs/discord-api-types/tree/v0.38.48/docs"
    syncedAt: 2026-07-16
    generator: skilld
  netlify-nuxt-skilld:
    packageName: "@netlify/nuxt"
    version: 0.3.6
    repo: netlify/framework-adapters
    source: "ungh://netlify/framework-adapters/packages/nuxt-module"
    syncedAt: 2026-07-16
    generator: skilld
  prisma-skilld:
    packageName: prisma
    version: 7.8.0
    repo: prisma/prisma
    source: "https://www.prisma.io/llms.txt"
    syncedAt: 2026-07-16
    generator: skilld
